<?xml version="1.0" encoding="UTF-8" standalone="yes" ?>
<CodeBlocks_project_file>
	<FileVersion major="1" minor="6" />
	<Project>
		<Option title="MakerScanner Win" />
		<Option pch_mode="2" />
		<Option compiler="gcc" />
		<Build>
			<Target title="Debug">
				<Option output="bin/Debug/MakerScanner" prefix_auto="1" extension_auto="1" />
				<Option object_output="obj/Debug/" />
				<Option type="0" />
				<Option compiler="gcc" />
				<Option projectLinkerOptionsRelation="2" />
				<Compiler>
					<Add option="-m64" />
					<Add option="-g" />
					<Add option="-std=gnu++11" />
					<Add directory="$(#wx)/lib/gcc_dll64/mswu" />
				</Compiler>
				<ResourceCompiler>
					<Add directory="$(#wx)/lib/gcc_lib/mswu" />
				</ResourceCompiler>
				<Linker>
					<Add option="-m64" />
					<Add library="../../wxWidgets-3.0.2/lib/gcc_dll64/libwxbase30u.a" />
					<Add library="../../wxWidgets-3.0.2/lib/gcc_dll64/libwxbase30u_net.a" />
					<Add library="../../wxWidgets-3.0.2/lib/gcc_dll64/libwxbase30u_xml.a" />
					<Add library="../../wxWidgets-3.0.2/lib/gcc_dll64/libwxexpat.a" />
					<Add library="../../wxWidgets-3.0.2/lib/gcc_dll64/libwxjpeg.a" />
					<Add library="../../wxWidgets-3.0.2/lib/gcc_dll64/libwxmsw30u_adv.a" />
					<Add library="../../wxWidgets-3.0.2/lib/gcc_dll64/libwxmsw30u_aui.a" />
					<Add library="../../wxWidgets-3.0.2/lib/gcc_dll64/libwxmsw30u_core.a" />
					<Add library="../../wxWidgets-3.0.2/lib/gcc_dll64/libwxmsw30u_gl.a" />
					<Add library="../../wxWidgets-3.0.2/lib/gcc_dll64/libwxmsw30u_html.a" />
					<Add library="../../wxWidgets-3.0.2/lib/gcc_dll64/libwxmsw30u_media.a" />
					<Add library="../../wxWidgets-3.0.2/lib/gcc_dll64/libwxmsw30u_propgrid.a" />
					<Add library="../../wxWidgets-3.0.2/lib/gcc_dll64/libwxmsw30u_ribbon.a" />
					<Add library="../../wxWidgets-3.0.2/lib/gcc_dll64/libwxmsw30u_richtext.a" />
					<Add library="../../wxWidgets-3.0.2/lib/gcc_dll64/libwxmsw30u_stc.a" />
					<Add library="../../wxWidgets-3.0.2/lib/gcc_dll64/libwxmsw30u_webview.a" />
					<Add library="../../wxWidgets-3.0.2/lib/gcc_dll64/libwxmsw30u_xrc.a" />
					<Add library="../../wxWidgets-3.0.2/lib/gcc_dll64/libwxpng.a" />
					<Add library="../../wxWidgets-3.0.2/lib/gcc_dll64/libwxregexu.a" />
					<Add library="../../wxWidgets-3.0.2/lib/gcc_dll64/libwxscintilla.a" />
					<Add library="../../wxWidgets-3.0.2/lib/gcc_dll64/libwxtiff.a" />
					<Add library="../../wxWidgets-3.0.2/lib/gcc_dll64/libwxzlib.a" />
					<Add directory="$(#wx)/lib/gcc_lib" />
				</Linker>
			</Target>
		</Build>
		<Compiler>
			<Add option="-Wall" />
			<Add option="-pipe" />
			<Add option="-mthreads" />
			<Add option='[[if (PLATFORM == PLATFORM_MSW &amp;&amp; (GetCompilerFactory().GetCompilerVersionString(_T(&quot;gcc&quot;)) &gt;= _T(&quot;4.0.0&quot;))) print(_T(&quot;-Wno-attributes&quot;));]]' />
			<Add option="-D__GNUWIN32__" />
			<Add option="-D__WXMSW__" />
			<Add option="-DwxUSE_UNICODE" />
			<Add directory="$(#wx)/lib/gcc_dll64/mswu" />
			<Add directory="$(#wx)/include" />
			<Add directory="$(#wx)/contrib/include" />
			<Add directory="../../opencv/build/x64/mingw/install/include" />
			<Add directory="../../opencv/build/x64/mingw/install/include/opencv" />
		</Compiler>
		<ResourceCompiler>
			<Add directory="$(#wx)/include" />
		</ResourceCompiler>
		<Linker>
			<Add option="-mthreads" />
			<Add library="../../opencv/build/x64/mingw/install/x64/mingw/staticlib/libopencv_superres310.a" />
			<Add library="../../opencv/build/x64/mingw/install/x64/mingw/staticlib/libopencv_video310.a" />
			<Add library="../../opencv/build/x64/mingw/install/x64/mingw/staticlib/libopencv_videostab310.a" />
			<Add library="../../opencv/build/x64/mingw/install/x64/mingw/staticlib/libopencv_videoio310.a" />
			<Add library="../../opencv/build/x64/mingw/install/x64/mingw/staticlib/libopencv_imgcodecs310.a" />
			<Add library="../../opencv/build/x64/mingw/install/x64/mingw/staticlib/libopencv_imgproc310.a" />
			<Add library="../../opencv/build/x64/mingw/install/x64/mingw/staticlib/libopencv_core310.a" />
			<Add library="../../opencv/build/x64/mingw/install/x64/mingw/staticlib/libopencv_highgui310.a" />
			<Add library="../../opencv/build/x64/mingw/install/x64/mingw/staticlib/libopencv_ml310.a" />
			<Add library="../../opencv/build/x64/mingw/install/x64/mingw/staticlib/libopencv_ts310.a" />
			<Add library="../../opencv/build/x64/mingw/install/x64/mingw/staticlib/libopencv_calib3d310.a" />
			<Add library="../../opencv/build/x64/mingw/install/x64/mingw/staticlib/libopencv_features2d310.a" />
			<Add library="../../opencv/build/x64/mingw/install/x64/mingw/staticlib/libopencv_flann310.a" />
			<Add library="../../opencv/build/x64/mingw/install/x64/mingw/staticlib/libopencv_objdetect310.a" />
			<Add library="../../opencv/build/x64/mingw/install/x64/mingw/staticlib/libopencv_photo310.a" />
			<Add library="../../opencv/build/x64/mingw/install/x64/mingw/staticlib/libopencv_shape310.a" />
			<Add library="../../opencv/build/x64/mingw/install/x64/mingw/staticlib/libopencv_stitching310.a" />
			<Add library="../../opencv/build/x64/mingw/install/x64/mingw/staticlib/libzlib.a" />
			<Add library="../../opencv/build/x64/mingw/install/x64/mingw/staticlib/liblibjasper.a" />
			<Add library="../../opencv/build/x64/mingw/install/x64/mingw/staticlib/liblibjpeg.a" />
			<Add library="../../opencv/build/x64/mingw/install/x64/mingw/staticlib/liblibpng.a" />
			<Add library="../../opencv/build/x64/mingw/install/x64/mingw/staticlib/liblibtiff.a" />
			<Add library="../../opencv/build/x64/mingw/install/x64/mingw/staticlib/liblibwebp.a" />
			<Add library="libkernel32.a" />
			<Add library="libuser32.a" />
			<Add library="libgdi32.a" />
			<Add library="libwinspool.a" />
			<Add library="libcomdlg32.a" />
			<Add library="libadvapi32.a" />
			<Add library="libshell32.a" />
			<Add library="libole32.a" />
			<Add library="liboleaut32.a" />
			<Add library="libuuid.a" />
			<Add library="libcomctl32.a" />
			<Add library="libwsock32.a" />
			<Add library="libodbc32.a" />
			<Add library="libvfw32.a" />
			<Add directory="C:/OpenCV2.1/lib" />
		</Linker>
		<Unit filename="ActiveStereoApp.cpp" />
		<Unit filename="ActiveStereoApp.h" />
		<Unit filename="ActiveStereoMain.cpp" />
		<Unit filename="ActiveStereoMain.h" />
		<Unit filename="Cameras.cpp" />
		<Unit filename="Cameras.h" />
		<Unit filename="CaptureThread.cpp" />
		<Unit filename="CaptureThread.h" />
		<Unit filename="DistanceToReferenceDialog.cpp" />
		<Unit filename="DistanceToReferenceDialog.h" />
		<Unit filename="IndividualPixels.h" />
		<Unit filename="PointCloud.cpp" />
		<Unit filename="PointCloud.h" />
		<Unit filename="PointCloudPoint.cpp" />
		<Unit filename="PointCloudPoint.h" />
		<Unit filename="ScanStatus.cpp" />
		<Unit filename="ScanStatus.h" />
		<Unit filename="ScanThread.cpp" />
		<Unit filename="ScanThread.h" />
		<Unit filename="camview.cpp" />
		<Unit filename="camview.h" />
		<Unit filename="resource.rc">
			<Option compilerVar="WINDRES" />
		</Unit>
		<Extensions>
			<code_completion />
			<debugger />
			<wxsmith version="1">
				<gui name="wxWidgets" src="ActiveStereoApp.cpp" main="" init_handlers="necessary" language="CPP" />
				<resources>
					<wxDialog wxs="wxsmith/wxtest6dialog.wxs" src="wxtest6Main.cpp" hdr="wxtest6Main.h" fwddecl="0" i18n="1" name="wxtest6Dialog" language="CPP" />
				</resources>
			</wxsmith>
			<envvars />
		</Extensions>
	</Project>
</CodeBlocks_project_file>
